{
  "name": "assets",
  "lockfileVersion": 3,
  "requires": true,
  "packages": {
    "": {
      "dependencies": {
        "@cap.js/widget": "0.1.56",
        "@paddle/paddle-js": "^1.6.4",
        "@plausible-analytics/tracker": "^0.4.6",
        "@ryangjchandler/alpine-tooltip": "^2.0.1",
        "alpinejs": "^3.15.11",
        "motion": "^12.43.0",
        "tippy.js": "^6.3.7"
      }
    },
    "node_modules/@cap.js/widget": {
      "version": "0.1.56",
      "resolved": "https://registry.npmjs.org/@cap.js/widget/-/widget-0.1.56.tgz",
      "integrity": "sha512-j640dNNNIF8IWmwqmSx0ihgU8sz/6Jm9mHveeDWUk8aXVqFm+2TSsp5bawtMtgf0aa7rFkmT9p76jrqO1uSEpQ==",
      "license": "Apache-2.0"
    },
    "node_modules/@paddle/paddle-js": {
      "version": "1.6.4",
      "resolved": "https://registry.npmjs.org/@paddle/paddle-js/-/paddle-js-1.6.4.tgz",
      "integrity": "sha512-ncfnS6I8mCX6krZ3Sgz2iAYivGmhdI81yt9mT6prtPj4Ipd9J3M12LCJRUFL4FB7BYeeuV04c33RSEnbZUBCaA==",
      "license": "Apache-2.0"
    },
    "node_modules/@plausible-analytics/tracker": {
      "version": "0.4.6",
      "resolved": "https://registry.npmjs.org/@plausible-analytics/tracker/-/tracker-0.4.6.tgz",
      "integrity": "sha512-nbu6xGgSP6jeYuoVklZBzucUnIpo75tVu3Kr+R0EDycVKaMC/jF5Q/YCaM/8gR4fPZ1IDcXt6FdBJFZ1uZwEPA==",
      "license": "MIT"
    },
    "node_modules/@popperjs/core": {
      "version": "2.11.8",
      "resolved": "https://registry.npmjs.org/@popperjs/core/-/core-2.11.8.tgz",
      "integrity": "sha512-P1st0aksCrn9sGZhp8GMYwBnQsbvAWsZAX44oXNNvLHGqAOcoVxmjZiohstwQ7SqKnbR47akdNi+uleWD8+g6A==",
      "license": "MIT",
      "funding": {
        "type": "opencollective",
        "url": "https://opencollective.com/popperjs"
      }
    },
    "node_modules/@ryangjchandler/alpine-tooltip": {
      "version": "2.0.1",
      "resolved": "https://registry.npmjs.org/@ryangjchandler/alpine-tooltip/-/alpine-tooltip-2.0.1.tgz",
      "integrity": "sha512-Hv9C02bUE4JSewZhfceYSHw+oiBuUF3ITCMKqmiFWJ3bvjhHZzM8YEPpNQVMfEVRR4K4JJYJD16re4stGIjoyg==",
      "dependencies": {
        "tippy.js": "^6.3.1"
      }
    },
    "node_modules/@vue/reactivity": {
      "version": "3.1.5",
      "resolved": "https://registry.npmjs.org/@vue/reactivity/-/reactivity-3.1.5.tgz",
      "integrity": "sha512-1tdfLmNjWG6t/CsPldh+foumYFo3cpyCHgBYQ34ylaMsJ+SNHQ1kApMIa8jN+i593zQuaw3AdWH0nJTARzCFhg==",
      "license": "MIT",
      "dependencies": {
        "@vue/shared": "3.1.5"
      }
    },
    "node_modules/@vue/shared": {
      "version": "3.1.5",
      "resolved": "https://registry.npmjs.org/@vue/shared/-/shared-3.1.5.tgz",
      "integrity": "sha512-oJ4F3TnvpXaQwZJNF3ZK+kLPHKarDmJjJ6jyzVNDKH9md1dptjC7lWR//jrGuLdek/U6iltWxqAnYOu8gCiOvA==",
      "license": "MIT"
    },
    "node_modules/alpinejs": {
      "version": "3.15.11",
      "resolved": "https://registry.npmjs.org/alpinejs/-/alpinejs-3.15.11.tgz",
      "integrity": "sha512-m26gkTg/MId8O+F4jHKK3vB3SjbFxxk/JHP+qzmw1H6aQrZuPAg4CUoAefnASzzp/eNroBjrRQe7950bNeaBJw==",
      "license": "MIT",
      "dependencies": {
        "@vue/reactivity": "~3.1.1"
      }
    },
    "node_modules/framer-motion": {
      "version": "12.43.0",
      "resolved": "https://registry.npmjs.org/framer-motion/-/framer-motion-12.43.0.tgz",
      "integrity": "sha512-1eaL3RvR/kAlbG7UYcpMptEyzPoENO0c6w7ZnB3/hh2vSAz/6uGAFn6fdoqTBguNstf3MsFhJHsD/0DHiclG+g==",
      "license": "MIT",
      "dependencies": {
        "motion-dom": "^12.43.0",
        "motion-utils": "^12.39.0",
        "tslib": "^2.4.0"
      },
      "peerDependencies": {
        "@emotion/is-prop-valid": "*",
        "react": "^18.0.0 || ^19.0.0",
        "react-dom": "^18.0.0 || ^19.0.0"
      },
      "peerDependenciesMeta": {
        "@emotion/is-prop-valid": {
          "optional": true
        },
        "react": {
          "optional": true
        },
        "react-dom": {
          "optional": true
        }
      }
    },
    "node_modules/motion": {
      "version": "12.43.0",
      "resolved": "https://registry.npmjs.org/motion/-/motion-12.43.0.tgz",
      "integrity": "sha512-BQgQbSa9Hn3/mtbib0MK53y6JSANa+YKUKlaYnWzAVDH424RYQ5LVpV3pNiWH00BA2z4ojsSdMzqT7g2FQwjuQ==",
      "license": "MIT",
      "dependencies": {
        "framer-motion": "^12.43.0",
        "tslib": "^2.4.0"
      },
      "peerDependencies": {
        "@emotion/is-prop-valid": "*",
        "react": "^18.0.0 || ^19.0.0",
        "react-dom": "^18.0.0 || ^19.0.0"
      },
      "peerDependenciesMeta": {
        "@emotion/is-prop-valid": {
          "optional": true
        },
        "react": {
          "optional": true
        },
        "react-dom": {
          "optional": true
        }
      }
    },
    "node_modules/motion-dom": {
      "version": "12.43.0",
      "resolved": "https://registry.npmjs.org/motion-dom/-/motion-dom-12.43.0.tgz",
      "integrity": "sha512-azKON4d9S65PEoFUiQTMTgPheEmzf2QngdRc50AKfJp9Q9mmcBVw22c8eMq9k8kxOFHdL7+WZY7N/5F/lwiDag==",
      "license": "MIT",
      "dependencies": {
        "motion-utils": "^12.39.0"
      }
    },
    "node_modules/motion-utils": {
      "version": "12.39.0",
      "resolved": "https://registry.npmjs.org/motion-utils/-/motion-utils-12.39.0.tgz",
      "integrity": "sha512-8nadJAJjTtqRkmRF36FoJTrywK9nnFmnPwnSMyxaOCU7GDjN9RTMJIxx9De8ErM+vpPhMccr/6fo5WciyQLnMQ==",
      "license": "MIT"
    },
    "node_modules/tippy.js": {
      "version": "6.3.7",
      "resolved": "https://registry.npmjs.org/tippy.js/-/tippy.js-6.3.7.tgz",
      "integrity": "sha512-E1d3oP2emgJ9dRQZdf3Kkn0qJgI6ZLpyS5z6ZkY1DF3kaQaBsGZsndEpHwx+eC+tYM41HaSNvNtLx8tU57FzTQ==",
      "license": "MIT",
      "dependencies": {
        "@popperjs/core": "^2.9.0"
      }
    },
    "node_modules/tslib": {
      "version": "2.8.1",
      "resolved": "https://registry.npmjs.org/tslib/-/tslib-2.8.1.tgz",
      "integrity": "sha512-oJFu94HQb+KVduSUQL7wnpmqnfmLsOA/nAh6b6EH0wCEoK0/mPeXU6c3wKDV83MkOuHPRHtSXKKU99IBazS/2w==",
      "license": "0BSD"
    }
  }
}
