{
  "name": "assets",
  "lockfileVersion": 3,
  "requires": true,
  "packages": {
    "": {
      "dependencies": {
        "@cap.js/widget": "0.1.56",
        "@openpanel/web": "^1.4.1",
        "@paddle/paddle-js": "^1.6.4",
        "@ryangjchandler/alpine-tooltip": "^2.0.1",
        "alpinejs": "^3.15.11",
        "motion": "^12.43.0",
        "tippy.js": "^6.3.7"
      }
    },
    "node_modules/@cap.js/widget": {
      "version": "0.1.56",
      "resolved": "https://registry.npmjs.org/@cap.js/widget/-/widget-0.1.56.tgz",
      "integrity": "sha512-j640dNNNIF8IWmwqmSx0ihgU8sz/6Jm9mHveeDWUk8aXVqFm+2TSsp5bawtMtgf0aa7rFkmT9p76jrqO1uSEpQ==",
      "license": "Apache-2.0"
    },
    "node_modules/@openpanel/sdk": {
      "version": "1.3.1",
      "resolved": "https://registry.npmjs.org/@openpanel/sdk/-/sdk-1.3.1.tgz",
      "integrity": "sha512-mQ5xaBUGXnyRg3qYxwnbVaUYyW7w8u+munrWk/ClnqxEeR2j+FYPiA6noHbHMCFC2aZutYD5OoRzEvw3FBNFxw==",
      "license": "MIT"
    },
    "node_modules/@openpanel/web": {
      "version": "1.4.1",
      "resolved": "https://registry.npmjs.org/@openpanel/web/-/web-1.4.1.tgz",
      "integrity": "sha512-DgUWeocZw+b57YiJjefZPg+6sceR7TdOF8x7Ut75lu3CwcwqGi5jZNPXjikNemGL37aNWXCB4buhcoNan2j7RA==",
      "license": "MIT",
      "dependencies": {
        "@openpanel/sdk": "1.3.1",
        "@rrweb/types": "2.0.0-alpha.20",
        "rrweb": "2.0.0-alpha.20"
      }
    },
    "node_modules/@paddle/paddle-js": {
      "version": "1.6.4",
      "resolved": "https://registry.npmjs.org/@paddle/paddle-js/-/paddle-js-1.6.4.tgz",
      "integrity": "sha512-ncfnS6I8mCX6krZ3Sgz2iAYivGmhdI81yt9mT6prtPj4Ipd9J3M12LCJRUFL4FB7BYeeuV04c33RSEnbZUBCaA==",
      "license": "Apache-2.0"
    },
    "node_modules/@popperjs/core": {
      "version": "2.11.8",
      "resolved": "https://registry.npmjs.org/@popperjs/core/-/core-2.11.8.tgz",
      "integrity": "sha512-P1st0aksCrn9sGZhp8GMYwBnQsbvAWsZAX44oXNNvLHGqAOcoVxmjZiohstwQ7SqKnbR47akdNi+uleWD8+g6A==",
      "license": "MIT",
      "funding": {
        "type": "opencollective",
        "url": "https://opencollective.com/popperjs"
      }
    },
    "node_modules/@rrweb/types": {
      "version": "2.0.0-alpha.20",
      "resolved": "https://registry.npmjs.org/@rrweb/types/-/types-2.0.0-alpha.20.tgz",
      "integrity": "sha512-RbnDgKxA/odwB1R4gF7eUUj+rdSrq6ROQJsnMw7MIsGzlbSYvJeZN8YY4XqU0G6sKJvXI6bSzk7w/G94jNwzhw==",
      "license": "MIT"
    },
    "node_modules/@rrweb/utils": {
      "version": "2.1.7",
      "resolved": "https://registry.npmjs.org/@rrweb/utils/-/utils-2.1.7.tgz",
      "integrity": "sha512-ZQpnuthKb8U2BvSDtiX6z8XkEPUUbCXhcrOY5yqqtPP2O5RP8YgPlo8HkU/tFStMd/Wn8cfy9DmkhialwUUvrA==",
      "license": "MIT"
    },
    "node_modules/@ryangjchandler/alpine-tooltip": {
      "version": "2.0.1",
      "resolved": "https://registry.npmjs.org/@ryangjchandler/alpine-tooltip/-/alpine-tooltip-2.0.1.tgz",
      "integrity": "sha512-Hv9C02bUE4JSewZhfceYSHw+oiBuUF3ITCMKqmiFWJ3bvjhHZzM8YEPpNQVMfEVRR4K4JJYJD16re4stGIjoyg==",
      "dependencies": {
        "tippy.js": "^6.3.1"
      }
    },
    "node_modules/@types/css-font-loading-module": {
      "version": "0.0.7",
      "resolved": "https://registry.npmjs.org/@types/css-font-loading-module/-/css-font-loading-module-0.0.7.tgz",
      "integrity": "sha512-nl09VhutdjINdWyXxHWN/w9zlNCfr60JUqJbd24YXUuCwgeL0TpFSdElCwb6cxfB6ybE19Gjj4g0jsgkXxKv1Q==",
      "license": "MIT"
    },
    "node_modules/@vue/reactivity": {
      "version": "3.1.5",
      "resolved": "https://registry.npmjs.org/@vue/reactivity/-/reactivity-3.1.5.tgz",
      "integrity": "sha512-1tdfLmNjWG6t/CsPldh+foumYFo3cpyCHgBYQ34ylaMsJ+SNHQ1kApMIa8jN+i593zQuaw3AdWH0nJTARzCFhg==",
      "license": "MIT",
      "dependencies": {
        "@vue/shared": "3.1.5"
      }
    },
    "node_modules/@vue/shared": {
      "version": "3.1.5",
      "resolved": "https://registry.npmjs.org/@vue/shared/-/shared-3.1.5.tgz",
      "integrity": "sha512-oJ4F3TnvpXaQwZJNF3ZK+kLPHKarDmJjJ6jyzVNDKH9md1dptjC7lWR//jrGuLdek/U6iltWxqAnYOu8gCiOvA==",
      "license": "MIT"
    },
    "node_modules/@xstate/fsm": {
      "version": "1.6.5",
      "resolved": "https://registry.npmjs.org/@xstate/fsm/-/fsm-1.6.5.tgz",
      "integrity": "sha512-b5o1I6aLNeYlU/3CPlj/Z91ybk1gUsKT+5NAJI+2W4UjvS5KLG28K9v5UvNoFVjHV8PajVZ00RH3vnjyQO7ZAw==",
      "license": "MIT"
    },
    "node_modules/alpinejs": {
      "version": "3.15.11",
      "resolved": "https://registry.npmjs.org/alpinejs/-/alpinejs-3.15.11.tgz",
      "integrity": "sha512-m26gkTg/MId8O+F4jHKK3vB3SjbFxxk/JHP+qzmw1H6aQrZuPAg4CUoAefnASzzp/eNroBjrRQe7950bNeaBJw==",
      "license": "MIT",
      "dependencies": {
        "@vue/reactivity": "~3.1.1"
      }
    },
    "node_modules/base64-arraybuffer": {
      "version": "1.0.2",
      "resolved": "https://registry.npmjs.org/base64-arraybuffer/-/base64-arraybuffer-1.0.2.tgz",
      "integrity": "sha512-I3yl4r9QB5ZRY3XuJVEPfc2XhZO6YweFPI+UovAzn+8/hb3oJ6lnysaFcjVpkCPfVWFUDvoZ8kmVDP7WyRtYtQ==",
      "license": "MIT",
      "engines": {
        "node": ">= 0.6.0"
      }
    },
    "node_modules/framer-motion": {
      "version": "12.43.0",
      "resolved": "https://registry.npmjs.org/framer-motion/-/framer-motion-12.43.0.tgz",
      "integrity": "sha512-1eaL3RvR/kAlbG7UYcpMptEyzPoENO0c6w7ZnB3/hh2vSAz/6uGAFn6fdoqTBguNstf3MsFhJHsD/0DHiclG+g==",
      "license": "MIT",
      "dependencies": {
        "motion-dom": "^12.43.0",
        "motion-utils": "^12.39.0",
        "tslib": "^2.4.0"
      },
      "peerDependencies": {
        "@emotion/is-prop-valid": "*",
        "react": "^18.0.0 || ^19.0.0",
        "react-dom": "^18.0.0 || ^19.0.0"
      },
      "peerDependenciesMeta": {
        "@emotion/is-prop-valid": {
          "optional": true
        },
        "react": {
          "optional": true
        },
        "react-dom": {
          "optional": true
        }
      }
    },
    "node_modules/mitt": {
      "version": "3.0.1",
      "resolved": "https://registry.npmjs.org/mitt/-/mitt-3.0.1.tgz",
      "integrity": "sha512-vKivATfr97l2/QBCYAkXYDbrIWPM2IIKEl7YPhjCvKlG3kE2gm+uBo6nEXK3M5/Ffh/FLpKExzOQ3JJoJGFKBw==",
      "license": "MIT"
    },
    "node_modules/motion": {
      "version": "12.43.0",
      "resolved": "https://registry.npmjs.org/motion/-/motion-12.43.0.tgz",
      "integrity": "sha512-BQgQbSa9Hn3/mtbib0MK53y6JSANa+YKUKlaYnWzAVDH424RYQ5LVpV3pNiWH00BA2z4ojsSdMzqT7g2FQwjuQ==",
      "license": "MIT",
      "dependencies": {
        "framer-motion": "^12.43.0",
        "tslib": "^2.4.0"
      },
      "peerDependencies": {
        "@emotion/is-prop-valid": "*",
        "react": "^18.0.0 || ^19.0.0",
        "react-dom": "^18.0.0 || ^19.0.0"
      },
      "peerDependenciesMeta": {
        "@emotion/is-prop-valid": {
          "optional": true
        },
        "react": {
          "optional": true
        },
        "react-dom": {
          "optional": true
        }
      }
    },
    "node_modules/motion-dom": {
      "version": "12.43.0",
      "resolved": "https://registry.npmjs.org/motion-dom/-/motion-dom-12.43.0.tgz",
      "integrity": "sha512-azKON4d9S65PEoFUiQTMTgPheEmzf2QngdRc50AKfJp9Q9mmcBVw22c8eMq9k8kxOFHdL7+WZY7N/5F/lwiDag==",
      "license": "MIT",
      "dependencies": {
        "motion-utils": "^12.39.0"
      }
    },
    "node_modules/motion-utils": {
      "version": "12.39.0",
      "resolved": "https://registry.npmjs.org/motion-utils/-/motion-utils-12.39.0.tgz",
      "integrity": "sha512-8nadJAJjTtqRkmRF36FoJTrywK9nnFmnPwnSMyxaOCU7GDjN9RTMJIxx9De8ErM+vpPhMccr/6fo5WciyQLnMQ==",
      "license": "MIT"
    },
    "node_modules/nanoid": {
      "version": "3.3.20",
      "resolved": "https://registry.npmjs.org/nanoid/-/nanoid-3.3.20.tgz",
      "integrity": "sha512-uKdg2G3GNCKQn9byYOpxbGqrT2fGO5KRt5J/8b3pok8rT6qxGWF6hxMyJiEYtAf+FVyYuD9hRaDqX5uPFYJ4ZQ==",
      "funding": [
        {
          "type": "github",
          "url": "https://github.com/sponsors/ai"
        }
      ],
      "license": "MIT",
      "bin": {
        "nanoid": "bin/nanoid.cjs"
      },
      "engines": {
        "node": "^10 || ^12 || ^13.7 || ^14 || >=15.0.1"
      }
    },
    "node_modules/picocolors": {
      "version": "1.1.1",
      "resolved": "https://registry.npmjs.org/picocolors/-/picocolors-1.1.1.tgz",
      "integrity": "sha512-xceH2snhtb5M9liqDsmEw56le376mTZkEX/jEb/RxNFyegNul7eNslCXP9FDj/Lcu0X8KEyMceP2ntpaHrDEVA==",
      "license": "ISC"
    },
    "node_modules/postcss": {
      "version": "8.5.29",
      "resolved": "https://registry.npmjs.org/postcss/-/postcss-8.5.29.tgz",
      "integrity": "sha512-49cGhUbXj8Qenv0iTMxA1cFBzxXoctpC9Ujd77t1WcbJIr6nF/eI7g/8MgxrYldFRuAXvja7xQRwavoW7kgrxQ==",
      "funding": [
        {
          "type": "opencollective",
          "url": "https://opencollective.com/postcss/"
        },
        {
          "type": "tidelift",
          "url": "https://tidelift.com/funding/github/npm/postcss"
        },
        {
          "type": "github",
          "url": "https://github.com/sponsors/ai"
        }
      ],
      "license": "MIT",
      "dependencies": {
        "nanoid": "^3.3.19",
        "picocolors": "^1.1.1",
        "source-map-js": "^1.2.2"
      },
      "engines": {
        "node": "^10 || ^12 || >=14"
      }
    },
    "node_modules/rrdom": {
      "version": "2.1.7",
      "resolved": "https://registry.npmjs.org/rrdom/-/rrdom-2.1.7.tgz",
      "integrity": "sha512-jm7IN2aaG6891OqFAYw/b8dw5FLiMeCTrU4HIUr40I6tTaUX2Rrhba5vjjMRARQClBFDA04vvf9HFD9WnZFpFg==",
      "license": "MIT",
      "dependencies": {
        "rrweb-snapshot": "^2.1.7"
      }
    },
    "node_modules/rrweb": {
      "version": "2.0.0-alpha.20",
      "resolved": "https://registry.npmjs.org/rrweb/-/rrweb-2.0.0-alpha.20.tgz",
      "integrity": "sha512-CZKDlm+j1VA50Ko3gnMbpvguCAleljsTNXPnVk9aeNP8o6T6kolRbISHyDZpqZ4G+bdDLlQOignPP3jEsXs8Gg==",
      "license": "MIT",
      "dependencies": {
        "@rrweb/types": "^2.0.0-alpha.20",
        "@rrweb/utils": "^2.0.0-alpha.20",
        "@types/css-font-loading-module": "0.0.7",
        "@xstate/fsm": "^1.4.0",
        "base64-arraybuffer": "^1.0.1",
        "mitt": "^3.0.0",
        "rrdom": "^2.0.0-alpha.20",
        "rrweb-snapshot": "^2.0.0-alpha.20"
      }
    },
    "node_modules/rrweb-snapshot": {
      "version": "2.1.7",
      "resolved": "https://registry.npmjs.org/rrweb-snapshot/-/rrweb-snapshot-2.1.7.tgz",
      "integrity": "sha512-exIZ4dxX498CZszs4ji0KKn8lhX9sBPBdD431t0RQOqCTStAHrmdWKK2s8tWSL32iRS+AOafbMuf6TOIZxW6ug==",
      "license": "MIT",
      "dependencies": {
        "postcss": "^8.4.38"
      }
    },
    "node_modules/source-map-js": {
      "version": "1.2.2",
      "resolved": "https://registry.npmjs.org/source-map-js/-/source-map-js-1.2.2.tgz",
      "integrity": "sha512-KGj/8Y43x35aZVDtt+J4mK1hoLGHULMYfSkODJNQjNDC3oW1PqPoxMwo0pLUsWM/UEGzON/NxeHywEfNXNP3Vw==",
      "license": "BSD-3-Clause",
      "engines": {
        "node": ">=0.10.0"
      }
    },
    "node_modules/tippy.js": {
      "version": "6.3.7",
      "resolved": "https://registry.npmjs.org/tippy.js/-/tippy.js-6.3.7.tgz",
      "integrity": "sha512-E1d3oP2emgJ9dRQZdf3Kkn0qJgI6ZLpyS5z6ZkY1DF3kaQaBsGZsndEpHwx+eC+tYM41HaSNvNtLx8tU57FzTQ==",
      "license": "MIT",
      "dependencies": {
        "@popperjs/core": "^2.9.0"
      }
    },
    "node_modules/tslib": {
      "version": "2.8.1",
      "resolved": "https://registry.npmjs.org/tslib/-/tslib-2.8.1.tgz",
      "integrity": "sha512-oJFu94HQb+KVduSUQL7wnpmqnfmLsOA/nAh6b6EH0wCEoK0/mPeXU6c3wKDV83MkOuHPRHtSXKKU99IBazS/2w==",
      "license": "0BSD"
    }
  }
}
